
Microsoft Visual Studio Solution File, Format Version 12.00
# Visual Studio Version 16
VisualStudioVersion = 16.0.31911.196
MinimumVisualStudioVersion = 10.0.40219.1
Project("{9A19103F-16F7-4668-BE54-9A1E7A4F7556}") = "ricaun.HelixToolkit.Wpf", "ricaun.HelixToolkit.Wpf\ricaun.HelixToolkit.Wpf.csproj", "{1DD7C96C-9B97-4E6F-97F0-6065D701ACD4}"
EndProject
Project("{9A19103F-16F7-4668-BE54-9A1E7A4F7556}") = "Build", "Build\Build.csproj", "{B3B619B4-BE8D-4B62-833F-2F67A387F0E7}"
EndProject
Project("{2150E333-8FDC-42A3-9474-1A3956D46DE8}") = "Project", "Project", "{DDED2BDD-00F2-47ED-A730-DB188465765F}"
	ProjectSection(SolutionItems) = preProject
		CHANGELOG.md = CHANGELOG.md
		LICENSE = LICENSE
		README.md = README.md
	EndProjectSection
EndProject
Global
	GlobalSection(SolutionConfigurationPlatforms) = preSolution
		Debug|Any CPU = Debug|Any CPU
		Release|Any CPU = Release|Any CPU
	EndGlobalSection
	GlobalSection(ProjectConfigurationPlatforms) = postSolution
		{1DD7C96C-9B97-4E6F-97F0-6065D701ACD4}.Debug|Any CPU.ActiveCfg = Debug|Any CPU
		{1DD7C96C-9B97-4E6F-97F0-6065D701ACD4}.Debug|Any CPU.Build.0 = Debug|Any CPU
		{1DD7C96C-9B97-4E6F-97F0-6065D701ACD4}.Release|Any CPU.ActiveCfg = Release|Any CPU
		{1DD7C96C-9B97-4E6F-97F0-6065D701ACD4}.Release|Any CPU.Build.0 = Release|Any CPU
		{B3B619B4-BE8D-4B62-833F-2F67A387F0E7}.Debug|Any CPU.ActiveCfg = Debug|Any CPU
		{B3B619B4-BE8D-4B62-833F-2F67A387F0E7}.Debug|Any CPU.Build.0 = Debug|Any CPU
		{B3B619B4-BE8D-4B62-833F-2F67A387F0E7}.Release|Any CPU.ActiveCfg = Release|Any CPU
		{B3B619B4-BE8D-4B62-833F-2F67A387F0E7}.Release|Any CPU.Build.0 = Release|Any CPU
	EndGlobalSection
	GlobalSection(SolutionProperties) = preSolution
		HideSolutionNode = FALSE
	EndGlobalSection
	GlobalSection(ExtensibilityGlobals) = postSolution
		SolutionGuid = {4AC9A047-8690-413C-BDC0-3AC0C923EC63}
	EndGlobalSection
EndGlobal
